{
  "name": "doc",
  "lockfileVersion": 3,
  "requires": true,
  "packages": {
    "": {
      "devDependencies": {
        "@types/lodash": "^4.14.199"
      }
    },
    "node_modules/@types/lodash": {
      "version": "4.14.199",
      "resolved": "https://registry.npmjs.org/@types/lodash/-/lodash-4.14.199.tgz",
      "integrity": "sha512-Vrjz5N5Ia4SEzWWgIVwnHNEnb1UE1XMkvY5DGXrAeOGE9imk0hgTHh5GyDjLDJi9OTCn9oo9dXH1uToK1VRfrg==",
      "dev": true
    }
  }
}
